
Microsoft Visual Studio Solution File, Format Version 12.00
# Visual Studio 15
VisualStudioVersion = 15.0.28307.1082
MinimumVisualStudioVersion = 10.0.40219.1
Project("{9A19103F-16F7-4668-BE54-9A1E7A4F7556}") = "CheckRunner.Tests", "CheckRunner\CheckRunner.Tests.csproj", "{AAAE50B4-59A6-4662-9A72-7E2204F5E724}"
EndProject
Project("{9A19103F-16F7-4668-BE54-9A1E7A4F7556}") = "CheckRunner.Steps", "CheckRunner.Steps\CheckRunner.Steps.csproj", "{6B437CF8-6D67-415F-B5F7-925D6B3D7226}"
EndProject
Global
	GlobalSection(SolutionConfigurationPlatforms) = preSolution
		Debug|Any CPU = Debug|Any CPU
		Release|Any CPU = Release|Any CPU
	EndGlobalSection
	GlobalSection(ProjectConfigurationPlatforms) = postSolution
		{AAAE50B4-59A6-4662-9A72-7E2204F5E724}.Debug|Any CPU.ActiveCfg = Debug|Any CPU
		{AAAE50B4-59A6-4662-9A72-7E2204F5E724}.Debug|Any CPU.Build.0 = Debug|Any CPU
		{AAAE50B4-59A6-4662-9A72-7E2204F5E724}.Release|Any CPU.ActiveCfg = Release|Any CPU
		{AAAE50B4-59A6-4662-9A72-7E2204F5E724}.Release|Any CPU.Build.0 = Release|Any CPU
		{6B437CF8-6D67-415F-B5F7-925D6B3D7226}.Debug|Any CPU.ActiveCfg = Debug|Any CPU
		{6B437CF8-6D67-415F-B5F7-925D6B3D7226}.Debug|Any CPU.Build.0 = Debug|Any CPU
		{6B437CF8-6D67-415F-B5F7-925D6B3D7226}.Release|Any CPU.ActiveCfg = Release|Any CPU
		{6B437CF8-6D67-415F-B5F7-925D6B3D7226}.Release|Any CPU.Build.0 = Release|Any CPU
	EndGlobalSection
	GlobalSection(SolutionProperties) = preSolution
		HideSolutionNode = FALSE
	EndGlobalSection
	GlobalSection(ExtensibilityGlobals) = postSolution
		SolutionGuid = {4A628B64-C282-43D6-9E70-C439F890649A}
	EndGlobalSection
EndGlobal
